
Microsoft Visual Studio Solution File, Format Version 12.00
# Visual Studio Version 17
VisualStudioVersion = 17.14.36414.22 d17.14
MinimumVisualStudioVersion = 10.0.40219.1
Project("{FAE04EC0-301F-11D3-BF4B-00C04F79EFBC}") = "campus-buddy", "campus-buddy.csproj", "{D6862386-C608-4AC7-AA1C-A0DB047047AA}"
EndProject
Global
	GlobalSection(SolutionConfigurationPlatforms) = preSolution
		Debug|Any CPU = Debug|Any CPU
		Release|Any CPU = Release|Any CPU
	EndGlobalSection
	GlobalSection(ProjectConfigurationPlatforms) = postSolution
		{D6862386-C608-4AC7-AA1C-A0DB047047AA}.Debug|Any CPU.ActiveCfg = Debug|Any CPU
		{D6862386-C608-4AC7-AA1C-A0DB047047AA}.Debug|Any CPU.Build.0 = Debug|Any CPU
		{D6862386-C608-4AC7-AA1C-A0DB047047AA}.Release|Any CPU.ActiveCfg = Release|Any CPU
		{D6862386-C608-4AC7-AA1C-A0DB047047AA}.Release|Any CPU.Build.0 = Release|Any CPU
	EndGlobalSection
	GlobalSection(SolutionProperties) = preSolution
		HideSolutionNode = FALSE
	EndGlobalSection
	GlobalSection(ExtensibilityGlobals) = postSolution
		SolutionGuid = {1E24E732-A459-445C-8DE0-8082A7536C3A}
	EndGlobalSection
EndGlobal
